
Microsoft Visual Studio Solution File, Format Version 12.00
# Visual Studio 15
VisualStudioVersion = 15.0.28307.106
MinimumVisualStudioVersion = 10.0.40219.1
Project("{FAE04EC0-301F-11D3-BF4B-00C04F79EFBC}") = "N", "N\N.csproj", "{8626F068-17AB-4AAA-B074-7E8FE5589495}"
EndProject
Global
	GlobalSection(SolutionConfigurationPlatforms) = preSolution
		Debug|Any CPU = Debug|Any CPU
		Release|Any CPU = Release|Any CPU
	EndGlobalSection
	GlobalSection(ProjectConfigurationPlatforms) = postSolution
		{8626F068-17AB-4AAA-B074-7E8FE5589495}.Debug|Any CPU.ActiveCfg = Debug|Any CPU
		{8626F068-17AB-4AAA-B074-7E8FE5589495}.Debug|Any CPU.Build.0 = Debug|Any CPU
		{8626F068-17AB-4AAA-B074-7E8FE5589495}.Release|Any CPU.ActiveCfg = Release|Any CPU
		{8626F068-17AB-4AAA-B074-7E8FE5589495}.Release|Any CPU.Build.0 = Release|Any CPU
	EndGlobalSection
	GlobalSection(SolutionProperties) = preSolution
		HideSolutionNode = FALSE
	EndGlobalSection
	GlobalSection(ExtensibilityGlobals) = postSolution
		SolutionGuid = {FA9F165E-E35D-4D99-98BE-1C662E92640A}
	EndGlobalSection
EndGlobal
